// !$*UTF8*$!
{
	archiveVersion = 1;
	classes = {
	};
	objectVersion = 50;
	objects = {

/* Begin PBXBuildFile section */
		8176C76222B1645A0089C0DD /* AppDelegate.swift in Sources */ = {isa = PBXBuildFile; fileRef = 8176C76122B1645A0089C0DD /* AppDelegate.swift */; };
		8176C76422B1645A0089C0DD /* SceneDelegate.swift in Sources */ = {isa = PBXBuildFile; fileRef = 8176C76322B1645A0089C0DD /* SceneDelegate.swift */; };
		8176C76722B1645A0089C0DD /* boredApp.xcdatamodeld in Sources */ = {isa = PBXBuildFile; fileRef = 8176C76522B1645A0089C0DD /* boredApp.xcdatamodeld */; };
		8176C76922B1645A0089C0DD /* ContentView.swift in Sources */ = {isa = PBXBuildFile; fileRef = 8176C76822B1645A0089C0DD /* ContentView.swift */; };
		8176C76B22B1645C0089C0DD /* Assets.xcassets in Resources */ = {isa = PBXBuildFile; fileRef = 8176C76A22B1645C0089C0DD /* Assets.xcassets */; };
		8176C76E22B1645C0089C0DD /* Preview Assets.xcassets in Resources */ = {isa = PBXBuildFile; fileRef = 8176C76D22B1645C0089C0DD /* Preview Assets.xcassets */; };
		8176C77122B1645C0089C0DD /* LaunchScreen.storyboard in Resources */ = {isa = PBXBuildFile; fileRef = 8176C76F22B1645C0089C0DD /* LaunchScreen.storyboard */; };
		8176C77C22B1645C0089C0DD /* boredAppTests.swift in Sources */ = {isa = PBXBuildFile; fileRef = 8176C77B22B1645C0089C0DD /* boredAppTests.swift */; };
/* End PBXBuildFile section */

/* Begin PBXContainerItemProxy section */
		8176C77822B1645C0089C0DD /* PBXContainerItemProxy */ = {
			isa = PBXContainerItemProxy;
			containerPortal = 8176C75622B1645A0089C0DD /* Project object */;
			proxyType = 1;
			remoteGlobalIDString = 8176C75D22B1645A0089C0DD;
			remoteInfo = boredApp;
		};
/* End PBXContainerItemProxy section */

/* Begin PBXFileReference section */
		8176C75E22B1645A0089C0DD /* boredApp.app */ = {isa = PBXFileReference; explicitFileType = wrapper.application; includeInIndex = 0; path = boredApp.app; sourceTree = BUILT_PRODUCTS_DIR; };
		8176C76122B1645A0089C0DD /* AppDelegate.swift */ = {isa = PBXFileReference; lastKnownFileType = sourcecode.swift; path = AppDelegate.swift; sourceTree = "<group>"; };
		8176C76322B1645A0089C0DD /* SceneDelegate.swift */ = {isa = PBXFileReference; lastKnownFileType = sourcecode.swift; path = SceneDelegate.swift; sourceTree = "<group>"; };
		8176C76622B1645A0089C0DD /* boredApp.xcdatamodel */ = {isa = PBXFileReference; lastKnownFileType = wrapper.xcdatamodel; path = boredApp.xcdatamodel; sourceTree = "<group>"; };
		8176C76822B1645A0089C0DD /* ContentView.swift */ = {isa = PBXFileReference; lastKnownFileType = sourcecode.swift; path = ContentView.swift; sourceTree = "<group>"; };
		8176C76A22B1645C0089C0DD /* Assets.xcassets */ = {isa = PBXFileReference; lastKnownFileType = folder.assetcatalog; path = Assets.xcassets; sourceTree = "<group>"; };
		8176C76D22B1645C0089C0DD /* Preview Assets.xcassets */ = {isa = PBXFileReference; lastKnownFileType = folder.assetcatalog; path = "Preview Assets.xcassets"; sourceTree = "<group>"; };
		8176C77022B1645C0089C0DD /* Base */ = {isa = PBXFileReference; lastKnownFileType = file.storyboard; name = Base; path = Base.lproj/LaunchScreen.storyboard; sourceTree = "<group>"; };
		8176C77222B1645C0089C0DD /* Info.plist */ = {isa = PBXFileReference; lastKnownFileType = text.plist.xml; path = Info.plist; sourceTree = "<group>"; };
		8176C77722B1645C0089C0DD /* boredAppTests.xctest */ = {isa = PBXFileReference; explicitFileType = wrapper.cfbundle; includeInIndex = 0; path = boredAppTests.xctest; sourceTree = BUILT_PRODUCTS_DIR; };
		8176C77B22B1645C0089C0DD /* boredAppTests.swift */ = {isa = PBXFileReference; lastKnownFileType = sourcecode.swift; path = boredAppTests.swift; sourceTree = "<group>"; };
		8176C77D22B1645C0089C0DD /* Info.plist */ = {isa = PBXFileReference; lastKnownFileType = text.plist.xml; path = Info.plist; sourceTree = "<group>"; };
/* End PBXFileReference section */

/* Begin PBXFrameworksBuildPhase section */
		8176C75B22B1645A0089C0DD /* Frameworks */ = {
			isa = PBXFrameworksBuildPhase;
			buildActionMask = 2147483647;
			files = (
			);
			runOnlyForDeploymentPostprocessing = 0;
		};
		8176C77422B1645C0089C0DD /* Frameworks */ = {
			isa = PBXFrameworksBuildPhase;
			buildActionMask = 2147483647;
			files = (
			);
			runOnlyForDeploymentPostprocessing = 0;
		};
/* End PBXFrameworksBuildPhase section */

/* Begin PBXGroup section */
		8176C75522B1645A0089C0DD = {
			isa = PBXGroup;
			children = (
				8176C76022B1645A0089C0DD /* boredApp */,
				8176C77A22B1645C0089C0DD /* boredAppTests */,
				8176C75F22B1645A0089C0DD /* Products */,
			);
			sourceTree = "<group>";
		};
		8176C75F22B1645A0089C0DD /* Products */ = {
			isa = PBXGroup;
			children = (
				8176C75E22B1645A0089C0DD /* boredApp.app */,
				8176C77722B1645C0089C0DD /* boredAppTests.xctest */,
			);
			name = Products;
			sourceTree = "<group>";
		};
		8176C76022B1645A0089C0DD /* boredApp */ = {
			isa = PBXGroup;
			children = (
				8176C76122B1645A0089C0DD /* AppDelegate.swift */,
				8176C76322B1645A0089C0DD /* SceneDelegate.swift */,
				8176C76822B1645A0089C0DD /* ContentView.swift */,
				8176C76A22B1645C0089C0DD /* Assets.xcassets */,
				8176C76F22B1645C0089C0DD /* LaunchScreen.storyboard */,
				8176C77222B1645C0089C0DD /* Info.plist */,
				8176C76522B1645A0089C0DD /* boredApp.xcdatamodeld */,
				8176C76C22B1645C0089C0DD /* Preview Content */,
			);
			path = boredApp;
			sourceTree = "<group>";
		};
		8176C76C22B1645C0089C0DD /* Preview Content */ = {
			isa = PBXGroup;
			children = (
				8176C76D22B1645C0089C0DD /* Preview Assets.xcassets */,
			);
			path = "Preview Content";
			sourceTree = "<group>";
		};
		8176C77A22B1645C0089C0DD /* boredAppTests */ = {
			isa = PBXGroup;
			children = (
				8176C77B22B1645C0089C0DD /* boredAppTests.swift */,
				8176C77D22B1645C0089C0DD /* Info.plist */,
			);
			path = boredAppTests;
			sourceTree = "<group>";
		};
/* End PBXGroup section */

/* Begin PBXNativeTarget section */
		8176C75D22B1645A0089C0DD /* boredApp */ = {
			isa = PBXNativeTarget;
			buildConfigurationList = 8176C78022B1645C0089C0DD /* Build configuration list for PBXNativeTarget "boredApp" */;
			buildPhases = (
				8176C75A22B1645A0089C0DD /* Sources */,
				8176C75B22B1645A0089C0DD /* Frameworks */,
				8176C75C22B1645A0089C0DD /* Resources */,
			);
			buildRules = (
			);
			dependencies = (
			);
			name = boredApp;
			productName = boredApp;
			productReference = 8176C75E22B1645A0089C0DD /* boredApp.app */;
			productType = "com.apple.product-type.application";
		};
		8176C77622B1645C0089C0DD /* boredAppTests */ = {
			isa = PBXNativeTarget;
			buildConfigurationList = 8176C78322B1645C0089C0DD /* Build configuration list for PBXNativeTarget "boredAppTests" */;
			buildPhases = (
				8176C77322B1645C0089C0DD /* Sources */,
				8176C77422B1645C0089C0DD /* Frameworks */,
				8176C77522B1645C0089C0DD /* Resources */,
			);
			buildRules = (
			);
			dependencies = (
				8176C77922B1645C0089C0DD /* PBXTargetDependency */,
			);
			name = boredAppTests;
			productName = boredAppTests;
			productReference = 8176C77722B1645C0089C0DD /* boredAppTests.xctest */;
			productType = "com.apple.product-type.bundle.unit-test";
		};
/* End PBXNativeTarget section */

/* Begin PBXProject section */
		8176C75622B1645A0089C0DD /* Project object */ = {
			isa = PBXProject;
			attributes = {
				LastSwiftUpdateCheck = 1100;
				LastUpgradeCheck = 1100;
				ORGANIZATIONNAME = "Amanda Tavares";
				TargetAttributes = {
					8176C75D22B1645A0089C0DD = {
						CreatedOnToolsVersion = 11.0;
					};
					8176C77622B1645C0089C0DD = {
						CreatedOnToolsVersion = 11.0;
						TestTargetID = 8176C75D22B1645A0089C0DD;
					};
				};
			};
			buildConfigurationList = 8176C75922B1645A0089C0DD /* Build configuration list for PBXProject "boredApp" */;
			compatibilityVersion = "Xcode 9.3";
			developmentRegion = en;
			hasScannedForEncodings = 0;
			knownRegions = (
				en,
				Base,
			);
			mainGroup = 8176C75522B1645A0089C0DD;
			productRefGroup = 8176C75F22B1645A0089C0DD /* Products */;
			projectDirPath = "";
			projectRoot = "";
			targets = (
				8176C75D22B1645A0089C0DD /* boredApp */,
				8176C77622B1645C0089C0DD /* boredAppTests */,
			);
		};
/* End PBXProject section */

/* Begin PBXResourcesBuildPhase section */
		8176C75C22B1645A0089C0DD /* Resources */ = {
			isa = PBXResourcesBuildPhase;
			buildActionMask = 2147483647;
			files = (
				8176C77122B1645C0089C0DD /* LaunchScreen.storyboard in Resources */,
				8176C76E22B1645C0089C0DD /* Preview Assets.xcassets in Resources */,
				8176C76B22B1645C0089C0DD /* Assets.xcassets in Resources */,
			);
			runOnlyForDeploymentPostprocessing = 0;
		};
		8176C77522B1645C0089C0DD /* Resources */ = {
			isa = PBXResourcesBuildPhase;
			buildActionMask = 2147483647;
			files = (
			);
			runOnlyForDeploymentPostprocessing = 0;
		};
/* End PBXResourcesBuildPhase section */

/* Begin PBXSourcesBuildPhase section */
		8176C75A22B1645A0089C0DD /* Sources */ = {
			isa = PBXSourcesBuildPhase;
			buildActionMask = 2147483647;
			files = (
				8176C76722B1645A0089C0DD /* boredApp.xcdatamodeld in Sources */,
				8176C76222B1645A0089C0DD /* AppDelegate.swift in Sources */,
				8176C76922B1645A0089C0DD /* ContentView.swift in Sources */,
				8176C76422B1645A0089C0DD /* SceneDelegate.swift in Sources */,
			);
			runOnlyForDeploymentPostprocessing = 0;
		};
		8176C77322B1645C0089C0DD /* Sources */ = {
			isa = PBXSourcesBuildPhase;
			buildActionMask = 2147483647;
			files = (
				8176C77C22B1645C0089C0DD /* boredAppTests.swift in Sources */,
			);
			runOnlyForDeploymentPostprocessing = 0;
		};
/* End PBXSourcesBuildPhase section */

/* Begin PBXTargetDependency section */
		8176C77922B1645C0089C0DD /* PBXTargetDependency */ = {
			isa = PBXTargetDependency;
			target = 8176C75D22B1645A0089C0DD /* boredApp */;
			targetProxy = 8176C77822B1645C0089C0DD /* PBXContainerItemProxy */;
		};
/* End PBXTargetDependency section */

/* Begin PBXVariantGroup section */
		8176C76F22B1645C0089C0DD /* LaunchScreen.storyboard */ = {
			isa = PBXVariantGroup;
			children = (
				8176C77022B1645C0089C0DD /* Base */,
			);
			name = LaunchScreen.storyboard;
			sourceTree = "<group>";
		};
/* End PBXVariantGroup section */

/* Begin XCBuildConfiguration section */
		8176C77E22B1645C0089C0DD /* Debug */ = {
			isa = XCBuildConfiguration;
			buildSettings = {
				ALWAYS_SEARCH_USER_PATHS = NO;
				CLANG_ANALYZER_NONNULL = YES;
				CLANG_ANALYZER_NUMBER_OBJECT_CONVERSION = YES_AGGRESSIVE;
				CLANG_CXX_LANGUAGE_STANDARD = "gnu++14";
				CLANG_CXX_LIBRARY = "libc++";
				CLANG_ENABLE_MODULES = YES;
				CLANG_ENABLE_OBJC_ARC = YES;
				CLANG_ENABLE_OBJC_WEAK = YES;
				CLANG_WARN_BLOCK_CAPTURE_AUTORELEASING = YES;
				CLANG_WARN_BOOL_CONVERSION = YES;
				CLANG_WARN_COMMA = YES;
				CLANG_WARN_CONSTANT_CONVERSION = YES;
				CLANG_WARN_DEPRECATED_OBJC_IMPLEMENTATIONS = YES;
				CLANG_WARN_DIRECT_OBJC_ISA_USAGE = YES_ERROR;
				CLANG_WARN_DOCUMENTATION_COMMENTS = YES;
				CLANG_WARN_EMPTY_BODY = YES;
				CLANG_WARN_ENUM_CONVERSION = YES;
				CLANG_WARN_INFINITE_RECURSION = YES;
				CLANG_WARN_INT_CONVERSION = YES;
				CLANG_WARN_NON_LITERAL_NULL_CONVERSION = YES;
				CLANG_WARN_OBJC_IMPLICIT_RETAIN_SELF = YES;
				CLANG_WARN_OBJC_LITERAL_CONVERSION = YES;
				CLANG_WARN_OBJC_ROOT_CLASS = YES_ERROR;
				CLANG_WARN_RANGE_LOOP_ANALYSIS = YES;
				CLANG_WARN_STRICT_PROTOTYPES = YES;
				CLANG_WARN_SUSPICIOUS_MOVE = YES;
				CLANG_WARN_UNGUARDED_AVAILABILITY = YES_AGGRESSIVE;
				CLANG_WARN_UNREACHABLE_CODE = YES;
				CLANG_WARN__DUPLICATE_METHOD_MATCH = YES;
				COPY_PHASE_STRIP = NO;
				DEBUG_INFORMATION_FORMAT = dwarf;
				ENABLE_STRICT_OBJC_MSGSEND = YES;
				ENABLE_TESTABILITY = YES;
				GCC_C_LANGUAGE_STANDARD = gnu11;
				GCC_DYNAMIC_NO_PIC = NO;
				GCC_NO_COMMON_BLOCKS = YES;
				GCC_OPTIMIZATION_LEVEL = 0;
				GCC_PREPROCESSOR_DEFINITIONS = (
					"DEBUG=1",
					"$(inherited)",
				);
				GCC_WARN_64_TO_32_BIT_CONVERSION = YES;
				GCC_WARN_ABOUT_RETURN_TYPE = YES_ERROR;
				GCC_WARN_UNDECLARED_SELECTOR = YES;
				GCC_WARN_UNINITIALIZED_AUTOS = YES_AGGRESSIVE;
				GCC_WARN_UNUSED_FUNCTION = YES;
				GCC_WARN_UNUSED_VARIABLE = YES;
				IPHONEOS_DEPLOYMENT_TARGET = 13.0;
				MTL_ENABLE_DEBUG_INFO = INCLUDE_SOURCE;
				MTL_FAST_MATH = YES;
				ONLY_ACTIVE_ARCH = YES;
				SDKROOT = iphoneos;
				SWIFT_ACTIVE_COMPILATION_CONDITIONS = DEBUG;
				SWIFT_OPTIMIZATION_LEVEL = "-Onone";
			};
			name = Debug;
		};
		8176C77F22B1645C0089C0DD /* Release */ = {
			isa = XCBuildConfiguration;
			buildSettings = {
				ALWAYS_SEARCH_USER_PATHS = NO;
				CLANG_ANALYZER_NONNULL = YES;
				CLANG_ANALYZER_NUMBER_OBJECT_CONVERSION = YES_AGGRESSIVE;
				CLANG_CXX_LANGUAGE_STANDARD = "gnu++14";
				CLANG_CXX_LIBRARY = "libc++";
				CLANG_ENABLE_MODULES = YES;
				CLANG_ENABLE_OBJC_ARC = YES;
				CLANG_ENABLE_OBJC_WEAK = YES;
				CLANG_WARN_BLOCK_CAPTURE_AUTORELEASING = YES;
				CLANG_WARN_BOOL_CONVERSION = YES;
				CLANG_WARN_COMMA = YES;
				CLANG_WARN_CONSTANT_CONVERSION = YES;
				CLANG_WARN_DEPRECATED_OBJC_IMPLEMENTATIONS = YES;
				CLANG_WARN_DIRECT_OBJC_ISA_USAGE = YES_ERROR;
				CLANG_WARN_DOCUMENTATION_COMMENTS = YES;
				CLANG_WARN_EMPTY_BODY = YES;
				CLANG_WARN_ENUM_CONVERSION = YES;
				CLANG_WARN_INFINITE_RECURSION = YES;
				CLANG_WARN_INT_CONVERSION = YES;
				CLANG_WARN_NON_LITERAL_NULL_CONVERSION = YES;
				CLANG_WARN_OBJC_IMPLICIT_RETAIN_SELF = YES;
				CLANG_WARN_OBJC_LITERAL_CONVERSION = YES;
				CLANG_WARN_OBJC_ROOT_CLASS = YES_ERROR;
				CLANG_WARN_RANGE_LOOP_ANALYSIS = YES;
				CLANG_WARN_STRICT_PROTOTYPES = YES;
				CLANG_WARN_SUSPICIOUS_MOVE = YES;
				CLANG_WARN_UNGUARDED_AVAILABILITY = YES_AGGRESSIVE;
				CLANG_WARN_UNREACHABLE_CODE = YES;
				CLANG_WARN__DUPLICATE_METHOD_MATCH = YES;
				COPY_PHASE_STRIP = NO;
				DEBUG_INFORMATION_FORMAT = "dwarf-with-dsym";
				ENABLE_NS_ASSERTIONS = NO;
				ENABLE_STRICT_OBJC_MSGSEND = YES;
				GCC_C_LANGUAGE_STANDARD = gnu11;
				GCC_NO_COMMON_BLOCKS = YES;
				GCC_WARN_64_TO_32_BIT_CONVERSION = YES;
				GCC_WARN_ABOUT_RETURN_TYPE = YES_ERROR;
				GCC_WARN_UNDECLARED_SELECTOR = YES;
				GCC_WARN_UNINITIALIZED_AUTOS = YES_AGGRESSIVE;
				GCC_WARN_UNUSED_FUNCTION = YES;
				GCC_WARN_UNUSED_VARIABLE = YES;
				IPHONEOS_DEPLOYMENT_TARGET = 13.0;
				MTL_ENABLE_DEBUG_INFO = NO;
				MTL_FAST_MATH = YES;
				SDKROOT = iphoneos;
				SWIFT_COMPILATION_MODE = wholemodule;
				SWIFT_OPTIMIZATION_LEVEL = "-O";
				VALIDATE_PRODUCT = YES;
			};
			name = Release;
		};
		8176C78122B1645C0089C0DD /* Debug */ = {
			isa = XCBuildConfiguration;
			buildSettings = {
				ASSETCATALOG_COMPILER_APPICON_NAME = AppIcon;
				CODE_SIGN_STYLE = Automatic;
				DEVELOPMENT_ASSET_PATHS = "boredApp/Preview\\ Content";
				DEVELOPMENT_TEAM = S7LBWA3M99;
				ENABLE_PREVIEWS = YES;
				INFOPLIST_FILE = boredApp/Info.plist;
				LD_RUNPATH_SEARCH_PATHS = (
					"$(inherited)",
					"@executable_path/Frameworks",
				);
				PRODUCT_BUNDLE_IDENTIFIER = com.academyifce.boredApp;
				PRODUCT_NAME = "$(TARGET_NAME)";
				SWIFT_VERSION = 5.0;
				TARGETED_DEVICE_FAMILY = "1,2";
			};
			name = Debug;
		};
		8176C78222B1645C0089C0DD /* Release */ = {
			isa = XCBuildConfiguration;
			buildSettings = {
				ASSETCATALOG_COMPILER_APPICON_NAME = AppIcon;
				CODE_SIGN_STYLE = Automatic;
				DEVELOPMENT_ASSET_PATHS = "boredApp/Preview\\ Content";
				DEVELOPMENT_TEAM = S7LBWA3M99;
				ENABLE_PREVIEWS = YES;
				INFOPLIST_FILE = boredApp/Info.plist;
				LD_RUNPATH_SEARCH_PATHS = (
					"$(inherited)",
					"@executable_path/Frameworks",
				);
				PRODUCT_BUNDLE_IDENTIFIER = com.academyifce.boredApp;
				PRODUCT_NAME = "$(TARGET_NAME)";
				SWIFT_VERSION = 5.0;
				TARGETED_DEVICE_FAMILY = "1,2";
			};
			name = Release;
		};
		8176C78422B1645C0089C0DD /* Debug */ = {
			isa = XCBuildConfiguration;
			buildSettings = {
				ALWAYS_EMBED_SWIFT_STANDARD_LIBRARIES = YES;
				BUNDLE_LOADER = "$(TEST_HOST)";
				CODE_SIGN_STYLE = Automatic;
				DEVELOPMENT_TEAM = S7LBWA3M99;
				INFOPLIST_FILE = boredAppTests/Info.plist;
				LD_RUNPATH_SEARCH_PATHS = (
					"$(inherited)",
					"@executable_path/Frameworks",
					"@loader_path/Frameworks",
				);
				PRODUCT_BUNDLE_IDENTIFIER = com.academyifce.boredAppTests;
				PRODUCT_NAME = "$(TARGET_NAME)";
				SWIFT_VERSION = 5.0;
				TARGETED_DEVICE_FAMILY = "1,2";
				TEST_HOST = "$(BUILT_PRODUCTS_DIR)/boredApp.app/boredApp";
			};
			name = Debug;
		};
		8176C78522B1645C0089C0DD /* Release */ = {
			isa = XCBuildConfiguration;
			buildSettings = {
				ALWAYS_EMBED_SWIFT_STANDARD_LIBRARIES = YES;
				BUNDLE_LOADER = "$(TEST_HOST)";
				CODE_SIGN_STYLE = Automatic;
				DEVELOPMENT_TEAM = S7LBWA3M99;
				INFOPLIST_FILE = boredAppTests/Info.plist;
				LD_RUNPATH_SEARCH_PATHS = (
					"$(inherited)",
					"@executable_path/Frameworks",
					"@loader_path/Frameworks",
				);
				PRODUCT_BUNDLE_IDENTIFIER = com.academyifce.boredAppTests;
				PRODUCT_NAME = "$(TARGET_NAME)";
				SWIFT_VERSION = 5.0;
				TARGETED_DEVICE_FAMILY = "1,2";
				TEST_HOST = "$(BUILT_PRODUCTS_DIR)/boredApp.app/boredApp";
			};
			name = Release;
		};
/* End XCBuildConfiguration section */

/* Begin XCConfigurationList section */
		8176C75922B1645A0089C0DD /* Build configuration list for PBXProject "boredApp" */ = {
			isa = XCConfigurationList;
			buildConfigurations = (
				8176C77E22B1645C0089C0DD /* Debug */,
				8176C77F22B1645C0089C0DD /* Release */,
			);
			defaultConfigurationIsVisible = 0;
			defaultConfigurationName = Release;
		};
		8176C78022B1645C0089C0DD /* Build configuration list for PBXNativeTarget "boredApp" */ = {
			isa = XCConfigurationList;
			buildConfigurations = (
				8176C78122B1645C0089C0DD /* Debug */,
				8176C78222B1645C0089C0DD /* Release */,
			);
			defaultConfigurationIsVisible = 0;
			defaultConfigurationName = Release;
		};
		8176C78322B1645C0089C0DD /* Build configuration list for PBXNativeTarget "boredAppTests" */ = {
			isa = XCConfigurationList;
			buildConfigurations = (
				8176C78422B1645C0089C0DD /* Debug */,
				8176C78522B1645C0089C0DD /* Release */,
			);
			defaultConfigurationIsVisible = 0;
			defaultConfigurationName = Release;
		};
/* End XCConfigurationList section */

/* Begin XCVersionGroup section */
		8176C76522B1645A0089C0DD /* boredApp.xcdatamodeld */ = {
			isa = XCVersionGroup;
			children = (
				8176C76622B1645A0089C0DD /* boredApp.xcdatamodel */,
			);
			currentVersion = 8176C76622B1645A0089C0DD /* boredApp.xcdatamodel */;
			path = boredApp.xcdatamodeld;
			sourceTree = "<group>";
			versionGroupType = wrapper.xcdatamodel;
		};
/* End XCVersionGroup section */
	};
	rootObject = 8176C75622B1645A0089C0DD /* Project object */;
}
